// !$*UTF8*$!
{
	archiveVersion = 1;
	classes = {
	};
	objectVersion = 55;
	objects = {

/* Begin PBXBuildFile section */
		0EA3311427101737002608EE /* UserDetail.storyboard in Resources */ = {isa = PBXBuildFile; fileRef = 0EA3311327101737002608EE /* UserDetail.storyboard */; };
		0EA3311627101740002608EE /* UserDetailViewController.swift in Sources */ = {isa = PBXBuildFile; fileRef = 0EA3311527101740002608EE /* UserDetailViewController.swift */; };
		0EA3311827101A22002608EE /* SerchUserPresenter.swift in Sources */ = {isa = PBXBuildFile; fileRef = 0EA3311727101A22002608EE /* SerchUserPresenter.swift */; };
		0EA3311D27101C74002608EE /* SearchUserModel.swift in Sources */ = {isa = PBXBuildFile; fileRef = 0EA3311C27101C74002608EE /* SearchUserModel.swift */; };
		0EA3311F27102161002608EE /* UserDetailPresenter.swift in Sources */ = {isa = PBXBuildFile; fileRef = 0EA3311E27102161002608EE /* UserDetailPresenter.swift */; };
		0EA3312127102169002608EE /* UserDetailModel.swift in Sources */ = {isa = PBXBuildFile; fileRef = 0EA3312027102169002608EE /* UserDetailModel.swift */; };
		0EA33125271021A8002608EE /* RepositoryTableViewCell.swift in Sources */ = {isa = PBXBuildFile; fileRef = 0EA33124271021A8002608EE /* RepositoryTableViewCell.swift */; };
		0EA331292710222B002608EE /* UserTableViewCell.swift in Sources */ = {isa = PBXBuildFile; fileRef = 0EA331282710222B002608EE /* UserTableViewCell.swift */; };
		0EC4EA48271015E5002D05B1 /* AppDelegate.swift in Sources */ = {isa = PBXBuildFile; fileRef = 0EC4EA47271015E5002D05B1 /* AppDelegate.swift */; };
		0EC4EA4A271015E5002D05B1 /* SceneDelegate.swift in Sources */ = {isa = PBXBuildFile; fileRef = 0EC4EA49271015E5002D05B1 /* SceneDelegate.swift */; };
		0EC4EA4C271015E5002D05B1 /* SearchUserViewController.swift in Sources */ = {isa = PBXBuildFile; fileRef = 0EC4EA4B271015E5002D05B1 /* SearchUserViewController.swift */; };
		0EC4EA4F271015E5002D05B1 /* SearchUser.storyboard in Resources */ = {isa = PBXBuildFile; fileRef = 0EC4EA4D271015E5002D05B1 /* SearchUser.storyboard */; };
		0EC4EA51271015E8002D05B1 /* Assets.xcassets in Resources */ = {isa = PBXBuildFile; fileRef = 0EC4EA50271015E8002D05B1 /* Assets.xcassets */; };
		0EC4EA54271015E8002D05B1 /* LaunchScreen.storyboard in Resources */ = {isa = PBXBuildFile; fileRef = 0EC4EA52271015E8002D05B1 /* LaunchScreen.storyboard */; };
		0EEF13602713F39B00EADE31 /* RxCocoa in Frameworks */ = {isa = PBXBuildFile; productRef = 0EEF135F2713F39B00EADE31 /* RxCocoa */; };
		0EEF13622713F39B00EADE31 /* RxSwift in Frameworks */ = {isa = PBXBuildFile; productRef = 0EEF13612713F39B00EADE31 /* RxSwift */; };
		0EEF13872713F40800EADE31 /* GitHub.framework in Frameworks */ = {isa = PBXBuildFile; fileRef = 0EEF13862713F3CC00EADE31 /* GitHub.framework */; };
		0EEF13882713F40800EADE31 /* GitHub.framework in Embed Frameworks */ = {isa = PBXBuildFile; fileRef = 0EEF13862713F3CC00EADE31 /* GitHub.framework */; settings = {ATTRIBUTES = (CodeSignOnCopy, RemoveHeadersOnCopy, ); }; };
/* End PBXBuildFile section */

/* Begin PBXContainerItemProxy section */
		0EEF13852713F3CC00EADE31 /* PBXContainerItemProxy */ = {
			isa = PBXContainerItemProxy;
			containerPortal = 0EEF13652713F3CC00EADE31 /* GitHub.xcodeproj */;
			proxyType = 2;
			remoteGlobalIDString = EDE18D612112F7C2000D5EAE;
			remoteInfo = GitHub;
		};
/* End PBXContainerItemProxy section */

/* Begin PBXCopyFilesBuildPhase section */
		0EEF13892713F40900EADE31 /* Embed Frameworks */ = {
			isa = PBXCopyFilesBuildPhase;
			buildActionMask = 2147483647;
			dstPath = "";
			dstSubfolderSpec = 10;
			files = (
				0EEF13882713F40800EADE31 /* GitHub.framework in Embed Frameworks */,
			);
			name = "Embed Frameworks";
			runOnlyForDeploymentPostprocessing = 0;
		};
/* End PBXCopyFilesBuildPhase section */

/* Begin PBXFileReference section */
		0EA3311327101737002608EE /* UserDetail.storyboard */ = {isa = PBXFileReference; lastKnownFileType = file.storyboard; path = UserDetail.storyboard; sourceTree = "<group>"; };
		0EA3311527101740002608EE /* UserDetailViewController.swift */ = {isa = PBXFileReference; lastKnownFileType = sourcecode.swift; path = UserDetailViewController.swift; sourceTree = "<group>"; };
		0EA3311727101A22002608EE /* SerchUserPresenter.swift */ = {isa = PBXFileReference; lastKnownFileType = sourcecode.swift; path = SerchUserPresenter.swift; sourceTree = "<group>"; };
		0EA3311C27101C74002608EE /* SearchUserModel.swift */ = {isa = PBXFileReference; lastKnownFileType = sourcecode.swift; path = SearchUserModel.swift; sourceTree = "<group>"; };
		0EA3311E27102161002608EE /* UserDetailPresenter.swift */ = {isa = PBXFileReference; lastKnownFileType = sourcecode.swift; path = UserDetailPresenter.swift; sourceTree = "<group>"; };
		0EA3312027102169002608EE /* UserDetailModel.swift */ = {isa = PBXFileReference; lastKnownFileType = sourcecode.swift; path = UserDetailModel.swift; sourceTree = "<group>"; };
		0EA3312227102194002608EE /* UserTableViewCell.xib */ = {isa = PBXFileReference; lastKnownFileType = file.xib; path = UserTableViewCell.xib; sourceTree = "<group>"; };
		0EA3312327102194002608EE /* RepositoryTableViewCell.xib */ = {isa = PBXFileReference; lastKnownFileType = file.xib; path = RepositoryTableViewCell.xib; sourceTree = "<group>"; };
		0EA33124271021A8002608EE /* RepositoryTableViewCell.swift */ = {isa = PBXFileReference; lastKnownFileType = sourcecode.swift; path = RepositoryTableViewCell.swift; sourceTree = "<group>"; };
		0EA331282710222B002608EE /* UserTableViewCell.swift */ = {isa = PBXFileReference; lastKnownFileType = sourcecode.swift; path = UserTableViewCell.swift; sourceTree = "<group>"; };
		0EC4EA44271015E5002D05B1 /* introduction_to_ios_design_pattern-sample.app */ = {isa = PBXFileReference; explicitFileType = wrapper.application; includeInIndex = 0; path = "introduction_to_ios_design_pattern-sample.app"; sourceTree = BUILT_PRODUCTS_DIR; };
		0EC4EA47271015E5002D05B1 /* AppDelegate.swift */ = {isa = PBXFileReference; lastKnownFileType = sourcecode.swift; path = AppDelegate.swift; sourceTree = "<group>"; };
		0EC4EA49271015E5002D05B1 /* SceneDelegate.swift */ = {isa = PBXFileReference; lastKnownFileType = sourcecode.swift; path = SceneDelegate.swift; sourceTree = "<group>"; };
		0EC4EA4B271015E5002D05B1 /* SearchUserViewController.swift */ = {isa = PBXFileReference; lastKnownFileType = sourcecode.swift; path = SearchUserViewController.swift; sourceTree = "<group>"; };
		0EC4EA4E271015E5002D05B1 /* Base */ = {isa = PBXFileReference; lastKnownFileType = file.storyboard; name = Base; path = Base.lproj/SearchUser.storyboard; sourceTree = "<group>"; };
		0EC4EA50271015E8002D05B1 /* Assets.xcassets */ = {isa = PBXFileReference; lastKnownFileType = folder.assetcatalog; path = Assets.xcassets; sourceTree = "<group>"; };
		0EC4EA53271015E8002D05B1 /* Base */ = {isa = PBXFileReference; lastKnownFileType = file.storyboard; name = Base; path = Base.lproj/LaunchScreen.storyboard; sourceTree = "<group>"; };
		0EC4EA55271015E8002D05B1 /* Info.plist */ = {isa = PBXFileReference; lastKnownFileType = text.plist.xml; path = Info.plist; sourceTree = "<group>"; };
		0EEF13652713F3CC00EADE31 /* GitHub.xcodeproj */ = {isa = PBXFileReference; lastKnownFileType = "wrapper.pb-project"; path = GitHub.xcodeproj; sourceTree = "<group>"; };
		0EEF13682713F3CC00EADE31 /* GitHub.podspec */ = {isa = PBXFileReference; lastKnownFileType = text; path = GitHub.podspec; sourceTree = "<group>"; };
		0EEF13692713F3CC00EADE31 /* README.md */ = {isa = PBXFileReference; lastKnownFileType = net.daringfireball.markdown; path = README.md; sourceTree = "<group>"; };
		0EEF136C2713F3CC00EADE31 /* AccessToken.swift */ = {isa = PBXFileReference; lastKnownFileType = sourcecode.swift; path = AccessToken.swift; sourceTree = "<group>"; };
		0EEF136D2713F3CC00EADE31 /* User.swift */ = {isa = PBXFileReference; lastKnownFileType = sourcecode.swift; path = User.swift; sourceTree = "<group>"; };
		0EEF136E2713F3CC00EADE31 /* Repository.swift */ = {isa = PBXFileReference; lastKnownFileType = sourcecode.swift; path = Repository.swift; sourceTree = "<group>"; };
		0EEF13702713F3CC00EADE31 /* RepositoryCell.swift */ = {isa = PBXFileReference; lastKnownFileType = sourcecode.swift; path = RepositoryCell.swift; sourceTree = "<group>"; };
		0EEF13712713F3CC00EADE31 /* LoginViewController.swift */ = {isa = PBXFileReference; lastKnownFileType = sourcecode.swift; path = LoginViewController.swift; sourceTree = "<group>"; };
		0EEF13722713F3CC00EADE31 /* RepositoryCell.xib */ = {isa = PBXFileReference; lastKnownFileType = file.xib; path = RepositoryCell.xib; sourceTree = "<group>"; };
		0EEF13742713F3CC00EADE31 /* Session.swift */ = {isa = PBXFileReference; lastKnownFileType = sourcecode.swift; path = Session.swift; sourceTree = "<group>"; };
		0EEF13762713F3CC00EADE31 /* Result.swift */ = {isa = PBXFileReference; lastKnownFileType = sourcecode.swift; path = Result.swift; sourceTree = "<group>"; };
		0EEF13772713F3CC00EADE31 /* Pagination.swift */ = {isa = PBXFileReference; lastKnownFileType = sourcecode.swift; path = Pagination.swift; sourceTree = "<group>"; };
		0EEF13782713F3CC00EADE31 /* ItemsResponse.swift */ = {isa = PBXFileReference; lastKnownFileType = sourcecode.swift; path = ItemsResponse.swift; sourceTree = "<group>"; };
		0EEF137A2713F3CC00EADE31 /* UserReposRequest.swift */ = {isa = PBXFileReference; lastKnownFileType = sourcecode.swift; path = UserReposRequest.swift; sourceTree = "<group>"; };
		0EEF137B2713F3CC00EADE31 /* SearchRepositoriesRequest.swift */ = {isa = PBXFileReference; lastKnownFileType = sourcecode.swift; path = SearchRepositoriesRequest.swift; sourceTree = "<group>"; };
		0EEF137C2713F3CC00EADE31 /* Request.swift */ = {isa = PBXFileReference; lastKnownFileType = sourcecode.swift; path = Request.swift; sourceTree = "<group>"; };
		0EEF137D2713F3CC00EADE31 /* SearchUsersRequest.swift */ = {isa = PBXFileReference; lastKnownFileType = sourcecode.swift; path = SearchUsersRequest.swift; sourceTree = "<group>"; };
		0EEF137E2713F3CC00EADE31 /* RepositoryRequest.swift */ = {isa = PBXFileReference; lastKnownFileType = sourcecode.swift; path = RepositoryRequest.swift; sourceTree = "<group>"; };
		0EEF137F2713F3CC00EADE31 /* LoginOauthAccessTokenRequest.swift */ = {isa = PBXFileReference; lastKnownFileType = sourcecode.swift; path = LoginOauthAccessTokenRequest.swift; sourceTree = "<group>"; };
		0EEF13802713F3CC00EADE31 /* GitHub.h */ = {isa = PBXFileReference; lastKnownFileType = sourcecode.c.h; path = GitHub.h; sourceTree = "<group>"; };
		0EEF13812713F3CC00EADE31 /* Info.plist */ = {isa = PBXFileReference; lastKnownFileType = text.plist.xml; path = Info.plist; sourceTree = "<group>"; };
		0EEF13822713F3CC00EADE31 /* GitHub.xcworkspace */ = {isa = PBXFileReference; lastKnownFileType = wrapper.workspace; path = GitHub.xcworkspace; sourceTree = "<group>"; };
		0EEF13832713F3CC00EADE31 /* Playground.playground */ = {isa = PBXFileReference; lastKnownFileType = file.playground; path = Playground.playground; sourceTree = "<group>"; };
		0EEF138B2713F46100EADE31 /* User+Extension.swift */ = {isa = PBXFileReference; lastKnownFileType = sourcecode.swift; path = "User+Extension.swift"; sourceTree = "<group>"; };
		0EEF138C2713F46100EADE31 /* Repository+Extension.swift */ = {isa = PBXFileReference; lastKnownFileType = sourcecode.swift; path = "Repository+Extension.swift"; sourceTree = "<group>"; };
		0EEF138F2713F46700EADE31 /* RepositoryCell.swift */ = {isa = PBXFileReference; lastKnownFileType = sourcecode.swift; path = RepositoryCell.swift; sourceTree = "<group>"; };
		0EEF13902713F46700EADE31 /* UserCell.xib */ = {isa = PBXFileReference; lastKnownFileType = file.xib; path = UserCell.xib; sourceTree = "<group>"; };
		0EEF13912713F46700EADE31 /* UserCell.swift */ = {isa = PBXFileReference; lastKnownFileType = sourcecode.swift; path = UserCell.swift; sourceTree = "<group>"; };
		0EEF13922713F46700EADE31 /* RepositoryCell.xib */ = {isa = PBXFileReference; lastKnownFileType = file.xib; path = RepositoryCell.xib; sourceTree = "<group>"; };
		0EEF13942713F46700EADE31 /* SearchUser.storyboard */ = {isa = PBXFileReference; lastKnownFileType = file.storyboard; path = SearchUser.storyboard; sourceTree = "<group>"; };
		0EEF13952713F46700EADE31 /* SearchUserViewController.swift */ = {isa = PBXFileReference; lastKnownFileType = sourcecode.swift; path = SearchUserViewController.swift; sourceTree = "<group>"; };
		0EEF13962713F46700EADE31 /* SearchUserModel.swift */ = {isa = PBXFileReference; lastKnownFileType = sourcecode.swift; path = SearchUserModel.swift; sourceTree = "<group>"; };
		0EEF13972713F46700EADE31 /* SearchUserViewModel.swift */ = {isa = PBXFileReference; lastKnownFileType = sourcecode.swift; path = SearchUserViewModel.swift; sourceTree = "<group>"; };
/* End PBXFileReference section */

/* Begin PBXFrameworksBuildPhase section */
		0EC4EA41271015E5002D05B1 /* Frameworks */ = {
			isa = PBXFrameworksBuildPhase;
			buildActionMask = 2147483647;
			files = (
				0EEF13622713F39B00EADE31 /* RxSwift in Frameworks */,
				0EEF13872713F40800EADE31 /* GitHub.framework in Frameworks */,
				0EEF13602713F39B00EADE31 /* RxCocoa in Frameworks */,
			);
			runOnlyForDeploymentPostprocessing = 0;
		};
/* End PBXFrameworksBuildPhase section */

/* Begin PBXGroup section */
		0EA331112710171B002608EE /* Main */ = {
			isa = PBXGroup;
			children = (
				0EC4EA4D271015E5002D05B1 /* SearchUser.storyboard */,
				0EC4EA4B271015E5002D05B1 /* SearchUserViewController.swift */,
				0EA3311727101A22002608EE /* SerchUserPresenter.swift */,
				0EA3311C27101C74002608EE /* SearchUserModel.swift */,
			);
			path = Main;
			sourceTree = "<group>";
		};
		0EA3311227101720002608EE /* Detail */ = {
			isa = PBXGroup;
			children = (
				0EA3311327101737002608EE /* UserDetail.storyboard */,
				0EA3311527101740002608EE /* UserDetailViewController.swift */,
				0EA3311E27102161002608EE /* UserDetailPresenter.swift */,
				0EA3312027102169002608EE /* UserDetailModel.swift */,
			);
			path = Detail;
			sourceTree = "<group>";
		};
		0EC4EA3B271015E5002D05B1 = {
			isa = PBXGroup;
			children = (
				0EC4EA46271015E5002D05B1 /* introduction_to_ios_design_pattern-sample */,
				0EC4EA45271015E5002D05B1 /* Products */,
				0EEF13632713F3CC00EADE31 /* Frameworks */,
			);
			sourceTree = "<group>";
		};
		0EC4EA45271015E5002D05B1 /* Products */ = {
			isa = PBXGroup;
			children = (
				0EC4EA44271015E5002D05B1 /* introduction_to_ios_design_pattern-sample.app */,
			);
			name = Products;
			sourceTree = "<group>";
		};
		0EC4EA46271015E5002D05B1 /* introduction_to_ios_design_pattern-sample */ = {
			isa = PBXGroup;
			children = (
				0EEF138D2713F46700EADE31 /* MVVM */,
				0EC4EA5C27101614002D05B1 /* MVP */,
				0EC4EA5B271015EF002D05B1 /* Application */,
				0EEF138A2713F46100EADE31 /* Extensions */,
				0EC4EA50271015E8002D05B1 /* Assets.xcassets */,
			);
			path = "introduction_to_ios_design_pattern-sample";
			sourceTree = "<group>";
		};
		0EC4EA5B271015EF002D05B1 /* Application */ = {
			isa = PBXGroup;
			children = (
				0EC4EA47271015E5002D05B1 /* AppDelegate.swift */,
				0EC4EA49271015E5002D05B1 /* SceneDelegate.swift */,
				0EC4EA52271015E8002D05B1 /* LaunchScreen.storyboard */,
				0EC4EA55271015E8002D05B1 /* Info.plist */,
			);
			path = Application;
			sourceTree = "<group>";
		};
		0EC4EA5C27101614002D05B1 /* MVP */ = {
			isa = PBXGroup;
			children = (
				0EA331112710171B002608EE /* Main */,
				0EA3311227101720002608EE /* Detail */,
				0EA33124271021A8002608EE /* RepositoryTableViewCell.swift */,
				0EA3312327102194002608EE /* RepositoryTableViewCell.xib */,
				0EA331282710222B002608EE /* UserTableViewCell.swift */,
				0EA3312227102194002608EE /* UserTableViewCell.xib */,
			);
			path = MVP;
			sourceTree = "<group>";
		};
		0EEF13632713F3CC00EADE31 /* Frameworks */ = {
			isa = PBXGroup;
			children = (
				0EEF13642713F3CC00EADE31 /* GitHub */,
			);
			name = Frameworks;
			sourceTree = "<group>";
		};
		0EEF13642713F3CC00EADE31 /* GitHub */ = {
			isa = PBXGroup;
			children = (
				0EEF13652713F3CC00EADE31 /* GitHub.xcodeproj */,
				0EEF13682713F3CC00EADE31 /* GitHub.podspec */,
				0EEF13692713F3CC00EADE31 /* README.md */,
				0EEF136A2713F3CC00EADE31 /* GitHub */,
				0EEF13822713F3CC00EADE31 /* GitHub.xcworkspace */,
				0EEF13832713F3CC00EADE31 /* Playground.playground */,
			);
			name = GitHub;
			path = ../GitHub;
			sourceTree = "<group>";
		};
		0EEF13662713F3CC00EADE31 /* Products */ = {
			isa = PBXGroup;
			children = (
				0EEF13862713F3CC00EADE31 /* GitHub.framework */,
			);
			name = Products;
			sourceTree = "<group>";
		};
		0EEF136A2713F3CC00EADE31 /* GitHub */ = {
			isa = PBXGroup;
			children = (
				0EEF136B2713F3CC00EADE31 /* Entity */,
				0EEF136F2713F3CC00EADE31 /* View */,
				0EEF13732713F3CC00EADE31 /* API */,
				0EEF13802713F3CC00EADE31 /* GitHub.h */,
				0EEF13812713F3CC00EADE31 /* Info.plist */,
			);
			path = GitHub;
			sourceTree = "<group>";
		};
		0EEF136B2713F3CC00EADE31 /* Entity */ = {
			isa = PBXGroup;
			children = (
				0EEF136C2713F3CC00EADE31 /* AccessToken.swift */,
				0EEF136D2713F3CC00EADE31 /* User.swift */,
				0EEF136E2713F3CC00EADE31 /* Repository.swift */,
			);
			path = Entity;
			sourceTree = "<group>";
		};
		0EEF136F2713F3CC00EADE31 /* View */ = {
			isa = PBXGroup;
			children = (
				0EEF13702713F3CC00EADE31 /* RepositoryCell.swift */,
				0EEF13712713F3CC00EADE31 /* LoginViewController.swift */,
				0EEF13722713F3CC00EADE31 /* RepositoryCell.xib */,
			);
			path = View;
			sourceTree = "<group>";
		};
		0EEF13732713F3CC00EADE31 /* API */ = {
			isa = PBXGroup;
			children = (
				0EEF13742713F3CC00EADE31 /* Session.swift */,
				0EEF13752713F3CC00EADE31 /* Response */,
				0EEF13792713F3CC00EADE31 /* Request */,
			);
			path = API;
			sourceTree = "<group>";
		};
		0EEF13752713F3CC00EADE31 /* Response */ = {
			isa = PBXGroup;
			children = (
				0EEF13762713F3CC00EADE31 /* Result.swift */,
				0EEF13772713F3CC00EADE31 /* Pagination.swift */,
				0EEF13782713F3CC00EADE31 /* ItemsResponse.swift */,
			);
			path = Response;
			sourceTree = "<group>";
		};
		0EEF13792713F3CC00EADE31 /* Request */ = {
			isa = PBXGroup;
			children = (
				0EEF137A2713F3CC00EADE31 /* UserReposRequest.swift */,
				0EEF137B2713F3CC00EADE31 /* SearchRepositoriesRequest.swift */,
				0EEF137C2713F3CC00EADE31 /* Request.swift */,
				0EEF137D2713F3CC00EADE31 /* SearchUsersRequest.swift */,
				0EEF137E2713F3CC00EADE31 /* RepositoryRequest.swift */,
				0EEF137F2713F3CC00EADE31 /* LoginOauthAccessTokenRequest.swift */,
			);
			path = Request;
			sourceTree = "<group>";
		};
		0EEF138A2713F46100EADE31 /* Extensions */ = {
			isa = PBXGroup;
			children = (
				0EEF138B2713F46100EADE31 /* User+Extension.swift */,
				0EEF138C2713F46100EADE31 /* Repository+Extension.swift */,
			);
			path = Extensions;
			sourceTree = "<group>";
		};
		0EEF138D2713F46700EADE31 /* MVVM */ = {
			isa = PBXGroup;
			children = (
				0EEF138E2713F46700EADE31 /* UITableViewCells */,
				0EEF13932713F46700EADE31 /* SearchUser */,
			);
			path = MVVM;
			sourceTree = "<group>";
		};
		0EEF138E2713F46700EADE31 /* UITableViewCells */ = {
			isa = PBXGroup;
			children = (
				0EEF138F2713F46700EADE31 /* RepositoryCell.swift */,
				0EEF13902713F46700EADE31 /* UserCell.xib */,
				0EEF13912713F46700EADE31 /* UserCell.swift */,
				0EEF13922713F46700EADE31 /* RepositoryCell.xib */,
			);
			path = UITableViewCells;
			sourceTree = "<group>";
		};
		0EEF13932713F46700EADE31 /* SearchUser */ = {
			isa = PBXGroup;
			children = (
				0EEF13942713F46700EADE31 /* SearchUser.storyboard */,
				0EEF13952713F46700EADE31 /* SearchUserViewController.swift */,
				0EEF13962713F46700EADE31 /* SearchUserModel.swift */,
				0EEF13972713F46700EADE31 /* SearchUserViewModel.swift */,
			);
			path = SearchUser;
			sourceTree = "<group>";
		};
/* End PBXGroup section */

/* Begin PBXNativeTarget section */
		0EC4EA43271015E5002D05B1 /* introduction_to_ios_design_pattern-sample */ = {
			isa = PBXNativeTarget;
			buildConfigurationList = 0EC4EA58271015E8002D05B1 /* Build configuration list for PBXNativeTarget "introduction_to_ios_design_pattern-sample" */;
			buildPhases = (
				0EC4EA40271015E5002D05B1 /* Sources */,
				0EC4EA41271015E5002D05B1 /* Frameworks */,
				0EC4EA42271015E5002D05B1 /* Resources */,
				0EEF13892713F40900EADE31 /* Embed Frameworks */,
			);
			buildRules = (
			);
			dependencies = (
			);
			name = "introduction_to_ios_design_pattern-sample";
			packageProductDependencies = (
				0EEF135F2713F39B00EADE31 /* RxCocoa */,
				0EEF13612713F39B00EADE31 /* RxSwift */,
			);
			productName = "introduction_to_ios_design_pattern-sample";
			productReference = 0EC4EA44271015E5002D05B1 /* introduction_to_ios_design_pattern-sample.app */;
			productType = "com.apple.product-type.application";
		};
/* End PBXNativeTarget section */

/* Begin PBXProject section */
		0EC4EA3C271015E5002D05B1 /* Project object */ = {
			isa = PBXProject;
			attributes = {
				BuildIndependentTargetsInParallel = 1;
				LastSwiftUpdateCheck = 1300;
				LastUpgradeCheck = 1300;
				TargetAttributes = {
					0EC4EA43271015E5002D05B1 = {
						CreatedOnToolsVersion = 13.0;
					};
				};
			};
			buildConfigurationList = 0EC4EA3F271015E5002D05B1 /* Build configuration list for PBXProject "introduction_to_ios_design_pattern-sample" */;
			compatibilityVersion = "Xcode 13.0";
			developmentRegion = en;
			hasScannedForEncodings = 0;
			knownRegions = (
				en,
				Base,
			);
			mainGroup = 0EC4EA3B271015E5002D05B1;
			packageReferences = (
				0EEF135E2713F39B00EADE31 /* XCRemoteSwiftPackageReference "RxSwift" */,
			);
			productRefGroup = 0EC4EA45271015E5002D05B1 /* Products */;
			projectDirPath = "";
			projectReferences = (
				{
					ProductGroup = 0EEF13662713F3CC00EADE31 /* Products */;
					ProjectRef = 0EEF13652713F3CC00EADE31 /* GitHub.xcodeproj */;
				},
			);
			projectRoot = "";
			targets = (
				0EC4EA43271015E5002D05B1 /* introduction_to_ios_design_pattern-sample */,
			);
		};
/* End PBXProject section */

/* Begin PBXReferenceProxy section */
		0EEF13862713F3CC00EADE31 /* GitHub.framework */ = {
			isa = PBXReferenceProxy;
			fileType = wrapper.framework;
			path = GitHub.framework;
			remoteRef = 0EEF13852713F3CC00EADE31 /* PBXContainerItemProxy */;
			sourceTree = BUILT_PRODUCTS_DIR;
		};
/* End PBXReferenceProxy section */

/* Begin PBXResourcesBuildPhase section */
		0EC4EA42271015E5002D05B1 /* Resources */ = {
			isa = PBXResourcesBuildPhase;
			buildActionMask = 2147483647;
			files = (
				0EC4EA54271015E8002D05B1 /* LaunchScreen.storyboard in Resources */,
				0EA3311427101737002608EE /* UserDetail.storyboard in Resources */,
				0EC4EA51271015E8002D05B1 /* Assets.xcassets in Resources */,
				0EC4EA4F271015E5002D05B1 /* SearchUser.storyboard in Resources */,
			);
			runOnlyForDeploymentPostprocessing = 0;
		};
/* End PBXResourcesBuildPhase section */

/* Begin PBXSourcesBuildPhase section */
		0EC4EA40271015E5002D05B1 /* Sources */ = {
			isa = PBXSourcesBuildPhase;
			buildActionMask = 2147483647;
			files = (
				0EC4EA4C271015E5002D05B1 /* SearchUserViewController.swift in Sources */,
				0EA3311627101740002608EE /* UserDetailViewController.swift in Sources */,
				0EA33125271021A8002608EE /* RepositoryTableViewCell.swift in Sources */,
				0EA331292710222B002608EE /* UserTableViewCell.swift in Sources */,
				0EA3311827101A22002608EE /* SerchUserPresenter.swift in Sources */,
				0EA3311D27101C74002608EE /* SearchUserModel.swift in Sources */,
				0EC4EA48271015E5002D05B1 /* AppDelegate.swift in Sources */,
				0EA3311F27102161002608EE /* UserDetailPresenter.swift in Sources */,
				0EA3312127102169002608EE /* UserDetailModel.swift in Sources */,
				0EC4EA4A271015E5002D05B1 /* SceneDelegate.swift in Sources */,
			);
			runOnlyForDeploymentPostprocessing = 0;
		};
/* End PBXSourcesBuildPhase section */

/* Begin PBXVariantGroup section */
		0EC4EA4D271015E5002D05B1 /* SearchUser.storyboard */ = {
			isa = PBXVariantGroup;
			children = (
				0EC4EA4E271015E5002D05B1 /* Base */,
			);
			name = SearchUser.storyboard;
			sourceTree = "<group>";
		};
		0EC4EA52271015E8002D05B1 /* LaunchScreen.storyboard */ = {
			isa = PBXVariantGroup;
			children = (
				0EC4EA53271015E8002D05B1 /* Base */,
			);
			name = LaunchScreen.storyboard;
			sourceTree = "<group>";
		};
/* End PBXVariantGroup section */

/* Begin XCBuildConfiguration section */
		0EC4EA56271015E8002D05B1 /* Debug */ = {
			isa = XCBuildConfiguration;
			buildSettings = {
				ALWAYS_SEARCH_USER_PATHS = NO;
				CLANG_ANALYZER_NONNULL = YES;
				CLANG_ANALYZER_NUMBER_OBJECT_CONVERSION = YES_AGGRESSIVE;
				CLANG_CXX_LANGUAGE_STANDARD = "gnu++17";
				CLANG_CXX_LIBRARY = "libc++";
				CLANG_ENABLE_MODULES = YES;
				CLANG_ENABLE_OBJC_ARC = YES;
				CLANG_ENABLE_OBJC_WEAK = YES;
				CLANG_WARN_BLOCK_CAPTURE_AUTORELEASING = YES;
				CLANG_WARN_BOOL_CONVERSION = YES;
				CLANG_WARN_COMMA = YES;
				CLANG_WARN_CONSTANT_CONVERSION = YES;
				CLANG_WARN_DEPRECATED_OBJC_IMPLEMENTATIONS = YES;
				CLANG_WARN_DIRECT_OBJC_ISA_USAGE = YES_ERROR;
				CLANG_WARN_DOCUMENTATION_COMMENTS = YES;
				CLANG_WARN_EMPTY_BODY = YES;
				CLANG_WARN_ENUM_CONVERSION = YES;
				CLANG_WARN_INFINITE_RECURSION = YES;
				CLANG_WARN_INT_CONVERSION = YES;
				CLANG_WARN_NON_LITERAL_NULL_CONVERSION = YES;
				CLANG_WARN_OBJC_IMPLICIT_RETAIN_SELF = YES;
				CLANG_WARN_OBJC_LITERAL_CONVERSION = YES;
				CLANG_WARN_OBJC_ROOT_CLASS = YES_ERROR;
				CLANG_WARN_QUOTED_INCLUDE_IN_FRAMEWORK_HEADER = YES;
				CLANG_WARN_RANGE_LOOP_ANALYSIS = YES;
				CLANG_WARN_STRICT_PROTOTYPES = YES;
				CLANG_WARN_SUSPICIOUS_MOVE = YES;
				CLANG_WARN_UNGUARDED_AVAILABILITY = YES_AGGRESSIVE;
				CLANG_WARN_UNREACHABLE_CODE = YES;
				CLANG_WARN__DUPLICATE_METHOD_MATCH = YES;
				COPY_PHASE_STRIP = NO;
				DEBUG_INFORMATION_FORMAT = dwarf;
				ENABLE_STRICT_OBJC_MSGSEND = YES;
				ENABLE_TESTABILITY = YES;
				GCC_C_LANGUAGE_STANDARD = gnu11;
				GCC_DYNAMIC_NO_PIC = NO;
				GCC_NO_COMMON_BLOCKS = YES;
				GCC_OPTIMIZATION_LEVEL = 0;
				GCC_PREPROCESSOR_DEFINITIONS = (
					"DEBUG=1",
					"$(inherited)",
				);
				GCC_WARN_64_TO_32_BIT_CONVERSION = YES;
				GCC_WARN_ABOUT_RETURN_TYPE = YES_ERROR;
				GCC_WARN_UNDECLARED_SELECTOR = YES;
				GCC_WARN_UNINITIALIZED_AUTOS = YES_AGGRESSIVE;
				GCC_WARN_UNUSED_FUNCTION = YES;
				GCC_WARN_UNUSED_VARIABLE = YES;
				IPHONEOS_DEPLOYMENT_TARGET = 15.0;
				MTL_ENABLE_DEBUG_INFO = INCLUDE_SOURCE;
				MTL_FAST_MATH = YES;
				ONLY_ACTIVE_ARCH = YES;
				SDKROOT = iphoneos;
				SWIFT_ACTIVE_COMPILATION_CONDITIONS = DEBUG;
				SWIFT_OPTIMIZATION_LEVEL = "-Onone";
			};
			name = Debug;
		};
		0EC4EA57271015E8002D05B1 /* Release */ = {
			isa = XCBuildConfiguration;
			buildSettings = {
				ALWAYS_SEARCH_USER_PATHS = NO;
				CLANG_ANALYZER_NONNULL = YES;
				CLANG_ANALYZER_NUMBER_OBJECT_CONVERSION = YES_AGGRESSIVE;
				CLANG_CXX_LANGUAGE_STANDARD = "gnu++17";
				CLANG_CXX_LIBRARY = "libc++";
				CLANG_ENABLE_MODULES = YES;
				CLANG_ENABLE_OBJC_ARC = YES;
				CLANG_ENABLE_OBJC_WEAK = YES;
				CLANG_WARN_BLOCK_CAPTURE_AUTORELEASING = YES;
				CLANG_WARN_BOOL_CONVERSION = YES;
				CLANG_WARN_COMMA = YES;
				CLANG_WARN_CONSTANT_CONVERSION = YES;
				CLANG_WARN_DEPRECATED_OBJC_IMPLEMENTATIONS = YES;
				CLANG_WARN_DIRECT_OBJC_ISA_USAGE = YES_ERROR;
				CLANG_WARN_DOCUMENTATION_COMMENTS = YES;
				CLANG_WARN_EMPTY_BODY = YES;
				CLANG_WARN_ENUM_CONVERSION = YES;
				CLANG_WARN_INFINITE_RECURSION = YES;
				CLANG_WARN_INT_CONVERSION = YES;
				CLANG_WARN_NON_LITERAL_NULL_CONVERSION = YES;
				CLANG_WARN_OBJC_IMPLICIT_RETAIN_SELF = YES;
				CLANG_WARN_OBJC_LITERAL_CONVERSION = YES;
				CLANG_WARN_OBJC_ROOT_CLASS = YES_ERROR;
				CLANG_WARN_QUOTED_INCLUDE_IN_FRAMEWORK_HEADER = YES;
				CLANG_WARN_RANGE_LOOP_ANALYSIS = YES;
				CLANG_WARN_STRICT_PROTOTYPES = YES;
				CLANG_WARN_SUSPICIOUS_MOVE = YES;
				CLANG_WARN_UNGUARDED_AVAILABILITY = YES_AGGRESSIVE;
				CLANG_WARN_UNREACHABLE_CODE = YES;
				CLANG_WARN__DUPLICATE_METHOD_MATCH = YES;
				COPY_PHASE_STRIP = NO;
				DEBUG_INFORMATION_FORMAT = "dwarf-with-dsym";
				ENABLE_NS_ASSERTIONS = NO;
				ENABLE_STRICT_OBJC_MSGSEND = YES;
				GCC_C_LANGUAGE_STANDARD = gnu11;
				GCC_NO_COMMON_BLOCKS = YES;
				GCC_WARN_64_TO_32_BIT_CONVERSION = YES;
				GCC_WARN_ABOUT_RETURN_TYPE = YES_ERROR;
				GCC_WARN_UNDECLARED_SELECTOR = YES;
				GCC_WARN_UNINITIALIZED_AUTOS = YES_AGGRESSIVE;
				GCC_WARN_UNUSED_FUNCTION = YES;
				GCC_WARN_UNUSED_VARIABLE = YES;
				IPHONEOS_DEPLOYMENT_TARGET = 15.0;
				MTL_ENABLE_DEBUG_INFO = NO;
				MTL_FAST_MATH = YES;
				SDKROOT = iphoneos;
				SWIFT_COMPILATION_MODE = wholemodule;
				SWIFT_OPTIMIZATION_LEVEL = "-O";
				VALIDATE_PRODUCT = YES;
			};
			name = Release;
		};
		0EC4EA59271015E8002D05B1 /* Debug */ = {
			isa = XCBuildConfiguration;
			buildSettings = {
				ASSETCATALOG_COMPILER_APPICON_NAME = AppIcon;
				ASSETCATALOG_COMPILER_GLOBAL_ACCENT_COLOR_NAME = AccentColor;
				CODE_SIGN_STYLE = Automatic;
				CURRENT_PROJECT_VERSION = 1;
				DEVELOPMENT_TEAM = R6YNJ9HW8W;
				GENERATE_INFOPLIST_FILE = YES;
				INFOPLIST_FILE = "introduction_to_ios_design_pattern-sample/Application/Info.plist";
				INFOPLIST_KEY_UIApplicationSupportsIndirectInputEvents = YES;
				INFOPLIST_KEY_UILaunchStoryboardName = LaunchScreen;
				INFOPLIST_KEY_UIMainStoryboardFile = SearchUser;
				INFOPLIST_KEY_UISupportedInterfaceOrientations_iPad = "UIInterfaceOrientationPortrait UIInterfaceOrientationPortraitUpsideDown UIInterfaceOrientationLandscapeLeft UIInterfaceOrientationLandscapeRight";
				INFOPLIST_KEY_UISupportedInterfaceOrientations_iPhone = "UIInterfaceOrientationPortrait UIInterfaceOrientationLandscapeLeft UIInterfaceOrientationLandscapeRight";
				LD_RUNPATH_SEARCH_PATHS = (
					"$(inherited)",
					"@executable_path/Frameworks",
				);
				MARKETING_VERSION = 1.0;
				PRODUCT_BUNDLE_IDENTIFIER = "k-aoki.introduction-to-ios-design-pattern-sample";
				PRODUCT_NAME = "$(TARGET_NAME)";
				SWIFT_EMIT_LOC_STRINGS = YES;
				SWIFT_VERSION = 5.0;
				TARGETED_DEVICE_FAMILY = "1,2";
			};
			name = Debug;
		};
		0EC4EA5A271015E8002D05B1 /* Release */ = {
			isa = XCBuildConfiguration;
			buildSettings = {
				ASSETCATALOG_COMPILER_APPICON_NAME = AppIcon;
				ASSETCATALOG_COMPILER_GLOBAL_ACCENT_COLOR_NAME = AccentColor;
				CODE_SIGN_STYLE = Automatic;
				CURRENT_PROJECT_VERSION = 1;
				DEVELOPMENT_TEAM = R6YNJ9HW8W;
				GENERATE_INFOPLIST_FILE = YES;
				INFOPLIST_FILE = "introduction_to_ios_design_pattern-sample/Application/Info.plist";
				INFOPLIST_KEY_UIApplicationSupportsIndirectInputEvents = YES;
				INFOPLIST_KEY_UILaunchStoryboardName = LaunchScreen;
				INFOPLIST_KEY_UIMainStoryboardFile = SearchUser;
				INFOPLIST_KEY_UISupportedInterfaceOrientations_iPad = "UIInterfaceOrientationPortrait UIInterfaceOrientationPortraitUpsideDown UIInterfaceOrientationLandscapeLeft UIInterfaceOrientationLandscapeRight";
				INFOPLIST_KEY_UISupportedInterfaceOrientations_iPhone = "UIInterfaceOrientationPortrait UIInterfaceOrientationLandscapeLeft UIInterfaceOrientationLandscapeRight";
				LD_RUNPATH_SEARCH_PATHS = (
					"$(inherited)",
					"@executable_path/Frameworks",
				);
				MARKETING_VERSION = 1.0;
				PRODUCT_BUNDLE_IDENTIFIER = "k-aoki.introduction-to-ios-design-pattern-sample";
				PRODUCT_NAME = "$(TARGET_NAME)";
				SWIFT_EMIT_LOC_STRINGS = YES;
				SWIFT_VERSION = 5.0;
				TARGETED_DEVICE_FAMILY = "1,2";
			};
			name = Release;
		};
/* End XCBuildConfiguration section */

/* Begin XCConfigurationList section */
		0EC4EA3F271015E5002D05B1 /* Build configuration list for PBXProject "introduction_to_ios_design_pattern-sample" */ = {
			isa = XCConfigurationList;
			buildConfigurations = (
				0EC4EA56271015E8002D05B1 /* Debug */,
				0EC4EA57271015E8002D05B1 /* Release */,
			);
			defaultConfigurationIsVisible = 0;
			defaultConfigurationName = Release;
		};
		0EC4EA58271015E8002D05B1 /* Build configuration list for PBXNativeTarget "introduction_to_ios_design_pattern-sample" */ = {
			isa = XCConfigurationList;
			buildConfigurations = (
				0EC4EA59271015E8002D05B1 /* Debug */,
				0EC4EA5A271015E8002D05B1 /* Release */,
			);
			defaultConfigurationIsVisible = 0;
			defaultConfigurationName = Release;
		};
/* End XCConfigurationList section */

/* Begin XCRemoteSwiftPackageReference section */
		0EEF135E2713F39B00EADE31 /* XCRemoteSwiftPackageReference "RxSwift" */ = {
			isa = XCRemoteSwiftPackageReference;
			repositoryURL = "https://github.com/ReactiveX/RxSwift.git";
			requirement = {
				branch = main;
				kind = branch;
			};
		};
/* End XCRemoteSwiftPackageReference section */

/* Begin XCSwiftPackageProductDependency section */
		0EEF135F2713F39B00EADE31 /* RxCocoa */ = {
			isa = XCSwiftPackageProductDependency;
			package = 0EEF135E2713F39B00EADE31 /* XCRemoteSwiftPackageReference "RxSwift" */;
			productName = RxCocoa;
		};
		0EEF13612713F39B00EADE31 /* RxSwift */ = {
			isa = XCSwiftPackageProductDependency;
			package = 0EEF135E2713F39B00EADE31 /* XCRemoteSwiftPackageReference "RxSwift" */;
			productName = RxSwift;
		};
/* End XCSwiftPackageProductDependency section */
	};
	rootObject = 0EC4EA3C271015E5002D05B1 /* Project object */;
}
